
Microsoft Visual Studio Solution File, Format Version 12.00
# Visual Studio Version 17
VisualStudioVersion = 17.1.32421.90
MinimumVisualStudioVersion = 10.0.40219.1
Project("{FAE04EC0-301F-11D3-BF4B-00C04F79EFBC}") = "GaanaApp", "GaanaApp\GaanaApp.csproj", "{65B5955E-BD2D-4243-8560-0ACB288B927C}"
EndProject
Global
	GlobalSection(SolutionConfigurationPlatforms) = preSolution
		Debug|Any CPU = Debug|Any CPU
		Release|Any CPU = Release|Any CPU
	EndGlobalSection
	GlobalSection(ProjectConfigurationPlatforms) = postSolution
		{65B5955E-BD2D-4243-8560-0ACB288B927C}.Debug|Any CPU.ActiveCfg = Debug|Any CPU
		{65B5955E-BD2D-4243-8560-0ACB288B927C}.Debug|Any CPU.Build.0 = Debug|Any CPU
		{65B5955E-BD2D-4243-8560-0ACB288B927C}.Release|Any CPU.ActiveCfg = Release|Any CPU
		{65B5955E-BD2D-4243-8560-0ACB288B927C}.Release|Any CPU.Build.0 = Release|Any CPU
	EndGlobalSection
	GlobalSection(SolutionProperties) = preSolution
		HideSolutionNode = FALSE
	EndGlobalSection
	GlobalSection(ExtensibilityGlobals) = postSolution
		SolutionGuid = {05041AE2-E4D1-46E7-98F5-2A18C8D00C61}
	EndGlobalSection
EndGlobal
